
Microsoft Visual Studio Solution File, Format Version 12.00
# Visual Studio Version 17
VisualStudioVersion = 17.13.35919.96 d17.13
MinimumVisualStudioVersion = 10.0.40219.1
Project("{FAE04EC0-301F-11D3-BF4B-00C04F79EFBC}") = "Duo", "Duo.csproj", "{703306C9-30C1-40CE-81EB-F4B216FC070F}"
EndProject
Project("{FAE04EC0-301F-11D3-BF4B-00C04F79EFBC}") = "DuoTesting", "..\DuoTesting\DuoTesting.csproj", "{CE664761-E714-4D85-B083-DBCCA858F7F9}"
EndProject
Global
	GlobalSection(SolutionConfigurationPlatforms) = preSolution
		Debug|ARM64 = Debug|ARM64
		Debug|x64 = Debug|x64
		Debug|x86 = Debug|x86
		Release|ARM64 = Release|ARM64
		Release|x64 = Release|x64
		Release|x86 = Release|x86
	EndGlobalSection
	GlobalSection(ProjectConfigurationPlatforms) = postSolution
		{703306C9-30C1-40CE-81EB-F4B216FC070F}.Debug|ARM64.ActiveCfg = Debug|ARM64
		{703306C9-30C1-40CE-81EB-F4B216FC070F}.Debug|ARM64.Build.0 = Debug|ARM64
		{703306C9-30C1-40CE-81EB-F4B216FC070F}.Debug|ARM64.Deploy.0 = Debug|ARM64
		{703306C9-30C1-40CE-81EB-F4B216FC070F}.Debug|x64.ActiveCfg = Debug|x64
		{703306C9-30C1-40CE-81EB-F4B216FC070F}.Debug|x64.Build.0 = Debug|x64
		{703306C9-30C1-40CE-81EB-F4B216FC070F}.Debug|x64.Deploy.0 = Debug|x64
		{703306C9-30C1-40CE-81EB-F4B216FC070F}.Debug|x86.ActiveCfg = Debug|x86
		{703306C9-30C1-40CE-81EB-F4B216FC070F}.Debug|x86.Build.0 = Debug|x86
		{703306C9-30C1-40CE-81EB-F4B216FC070F}.Debug|x86.Deploy.0 = Debug|x86
		{703306C9-30C1-40CE-81EB-F4B216FC070F}.Release|ARM64.ActiveCfg = Release|ARM64
		{703306C9-30C1-40CE-81EB-F4B216FC070F}.Release|ARM64.Build.0 = Release|ARM64
		{703306C9-30C1-40CE-81EB-F4B216FC070F}.Release|ARM64.Deploy.0 = Release|ARM64
		{703306C9-30C1-40CE-81EB-F4B216FC070F}.Release|x64.ActiveCfg = Release|x64
		{703306C9-30C1-40CE-81EB-F4B216FC070F}.Release|x64.Build.0 = Release|x64
		{703306C9-30C1-40CE-81EB-F4B216FC070F}.Release|x64.Deploy.0 = Release|x64
		{703306C9-30C1-40CE-81EB-F4B216FC070F}.Release|x86.ActiveCfg = Release|x86
		{703306C9-30C1-40CE-81EB-F4B216FC070F}.Release|x86.Build.0 = Release|x86
		{703306C9-30C1-40CE-81EB-F4B216FC070F}.Release|x86.Deploy.0 = Release|x86
		{CE664761-E714-4D85-B083-DBCCA858F7F9}.Debug|ARM64.ActiveCfg = Debug|ARM64
		{CE664761-E714-4D85-B083-DBCCA858F7F9}.Debug|ARM64.Build.0 = Debug|ARM64
		{CE664761-E714-4D85-B083-DBCCA858F7F9}.Debug|ARM64.Deploy.0 = Debug|ARM64
		{CE664761-E714-4D85-B083-DBCCA858F7F9}.Debug|x64.ActiveCfg = Debug|x64
		{CE664761-E714-4D85-B083-DBCCA858F7F9}.Debug|x64.Build.0 = Debug|x64
		{CE664761-E714-4D85-B083-DBCCA858F7F9}.Debug|x64.Deploy.0 = Debug|x64
		{CE664761-E714-4D85-B083-DBCCA858F7F9}.Debug|x86.ActiveCfg = Debug|x86
		{CE664761-E714-4D85-B083-DBCCA858F7F9}.Debug|x86.Build.0 = Debug|x86
		{CE664761-E714-4D85-B083-DBCCA858F7F9}.Debug|x86.Deploy.0 = Debug|x86
		{CE664761-E714-4D85-B083-DBCCA858F7F9}.Release|ARM64.ActiveCfg = Release|ARM64
		{CE664761-E714-4D85-B083-DBCCA858F7F9}.Release|ARM64.Build.0 = Release|ARM64
		{CE664761-E714-4D85-B083-DBCCA858F7F9}.Release|ARM64.Deploy.0 = Release|ARM64
		{CE664761-E714-4D85-B083-DBCCA858F7F9}.Release|x64.ActiveCfg = Release|x64
		{CE664761-E714-4D85-B083-DBCCA858F7F9}.Release|x64.Build.0 = Release|x64
		{CE664761-E714-4D85-B083-DBCCA858F7F9}.Release|x64.Deploy.0 = Release|x64
		{CE664761-E714-4D85-B083-DBCCA858F7F9}.Release|x86.ActiveCfg = Release|x86
		{CE664761-E714-4D85-B083-DBCCA858F7F9}.Release|x86.Build.0 = Release|x86
		{CE664761-E714-4D85-B083-DBCCA858F7F9}.Release|x86.Deploy.0 = Release|x86
	EndGlobalSection
	GlobalSection(SolutionProperties) = preSolution
		HideSolutionNode = FALSE
	EndGlobalSection
	GlobalSection(ExtensibilityGlobals) = postSolution
		SolutionGuid = {978926E1-E518-41BE-BBBA-FB125617A422}
	EndGlobalSection
EndGlobal
